
Microsoft Visual Studio Solution File, Format Version 12.00
# Visual Studio 15
VisualStudioVersion = 15.0.27703.2026
MinimumVisualStudioVersion = 10.0.40219.1
Project("{FAE04EC0-301F-11D3-BF4B-00C04F79EFBC}") = "UserSystem.UI", "UserSystem.UI\UserSystem.UI.csproj", "{2EBA0EBB-33D6-41A9-AC86-519C81C1B0EC}"
EndProject
Project("{FAE04EC0-301F-11D3-BF4B-00C04F79EFBC}") = "Entity", "Entity\Entity.csproj", "{3743BBB6-77F9-4EDD-92CA-B36A77F9C7A9}"
EndProject
Project("{FAE04EC0-301F-11D3-BF4B-00C04F79EFBC}") = "Service", "Service\Service.csproj", "{6980126F-EC24-4DDA-9353-315B9B6FEF98}"
EndProject
Project("{FAE04EC0-301F-11D3-BF4B-00C04F79EFBC}") = "ServiceContract", "ServiceContract\ServiceContract.csproj", "{EAB203D6-EB51-4307-A837-9C265F06574E}"
EndProject
Global
	GlobalSection(SolutionConfigurationPlatforms) = preSolution
		Debug|Any CPU = Debug|Any CPU
		Release|Any CPU = Release|Any CPU
	EndGlobalSection
	GlobalSection(ProjectConfigurationPlatforms) = postSolution
		{2EBA0EBB-33D6-41A9-AC86-519C81C1B0EC}.Debug|Any CPU.ActiveCfg = Debug|Any CPU
		{2EBA0EBB-33D6-41A9-AC86-519C81C1B0EC}.Debug|Any CPU.Build.0 = Debug|Any CPU
		{2EBA0EBB-33D6-41A9-AC86-519C81C1B0EC}.Release|Any CPU.ActiveCfg = Release|Any CPU
		{2EBA0EBB-33D6-41A9-AC86-519C81C1B0EC}.Release|Any CPU.Build.0 = Release|Any CPU
		{3743BBB6-77F9-4EDD-92CA-B36A77F9C7A9}.Debug|Any CPU.ActiveCfg = Debug|Any CPU
		{3743BBB6-77F9-4EDD-92CA-B36A77F9C7A9}.Debug|Any CPU.Build.0 = Debug|Any CPU
		{3743BBB6-77F9-4EDD-92CA-B36A77F9C7A9}.Release|Any CPU.ActiveCfg = Release|Any CPU
		{3743BBB6-77F9-4EDD-92CA-B36A77F9C7A9}.Release|Any CPU.Build.0 = Release|Any CPU
		{6980126F-EC24-4DDA-9353-315B9B6FEF98}.Debug|Any CPU.ActiveCfg = Debug|Any CPU
		{6980126F-EC24-4DDA-9353-315B9B6FEF98}.Debug|Any CPU.Build.0 = Debug|Any CPU
		{6980126F-EC24-4DDA-9353-315B9B6FEF98}.Release|Any CPU.ActiveCfg = Release|Any CPU
		{6980126F-EC24-4DDA-9353-315B9B6FEF98}.Release|Any CPU.Build.0 = Release|Any CPU
		{EAB203D6-EB51-4307-A837-9C265F06574E}.Debug|Any CPU.ActiveCfg = Debug|Any CPU
		{EAB203D6-EB51-4307-A837-9C265F06574E}.Debug|Any CPU.Build.0 = Debug|Any CPU
		{EAB203D6-EB51-4307-A837-9C265F06574E}.Release|Any CPU.ActiveCfg = Release|Any CPU
		{EAB203D6-EB51-4307-A837-9C265F06574E}.Release|Any CPU.Build.0 = Release|Any CPU
	EndGlobalSection
	GlobalSection(SolutionProperties) = preSolution
		HideSolutionNode = FALSE
	EndGlobalSection
	GlobalSection(ExtensibilityGlobals) = postSolution
		SolutionGuid = {C8EB861E-3789-4415-AE94-36E1BED2C1E2}
	EndGlobalSection
EndGlobal
